// !$*UTF8*$!
{
	archiveVersion = 1;
	classes = {
	};
	objectVersion = 70;
	objects = {

/* Begin PBXBuildFile section */
		428DA87E291EC978004BA178 /* WVU_MobileApp.swift in Sources */ = {isa = PBXBuildFile; fileRef = 428DA87D291EC978004BA178 /* WVU_MobileApp.swift */; };
		428DA882291EC979004BA178 /* Assets.xcassets in Resources */ = {isa = PBXBuildFile; fileRef = 428DA881291EC979004BA178 /* Assets.xcassets */; };
		428DA886291EC979004BA178 /* Preview Assets.xcassets in Resources */ = {isa = PBXBuildFile; fileRef = 428DA885291EC979004BA178 /* Preview Assets.xcassets */; };
		428DA890291EC979004BA178 /* WVU_MobileTests.swift in Sources */ = {isa = PBXBuildFile; fileRef = 428DA88F291EC979004BA178 /* WVU_MobileTests.swift */; };
		428DA89A291EC979004BA178 /* WVU_MobileUITests.swift in Sources */ = {isa = PBXBuildFile; fileRef = 428DA899291EC979004BA178 /* WVU_MobileUITests.swift */; };
		428DA89C291EC979004BA178 /* WVU_MobileUITestsLaunchTests.swift in Sources */ = {isa = PBXBuildFile; fileRef = 428DA89B291EC979004BA178 /* WVU_MobileUITestsLaunchTests.swift */; };
		42B0D2F52CF3866100EFB124 /* WidgetKit.framework in Frameworks */ = {isa = PBXBuildFile; fileRef = 4298AD062CEFCB8500B0D1EA /* WidgetKit.framework */; };
		42B0D2F62CF3866100EFB124 /* SwiftUI.framework in Frameworks */ = {isa = PBXBuildFile; fileRef = 4298AD082CEFCB8500B0D1EA /* SwiftUI.framework */; };
		42B0D3032CF3866300EFB124 /* WVU-Mobile-WidgetExtension.appex in Embed Foundation Extensions */ = {isa = PBXBuildFile; fileRef = 42B0D2F42CF3866100EFB124 /* WVU-Mobile-WidgetExtension.appex */; settings = {ATTRIBUTES = (RemoveHeadersOnCopy, ); }; };
		42C1A6422D032409005CDF4D /* PRTStatus in Frameworks */ = {isa = PBXBuildFile; productRef = 42C1A6412D032409005CDF4D /* PRTStatus */; };
		42C1A6442D04748D005CDF4D /* PRTStatus in Frameworks */ = {isa = PBXBuildFile; productRef = 42C1A6432D04748D005CDF4D /* PRTStatus */; };
/* End PBXBuildFile section */

/* Begin PBXContainerItemProxy section */
		428DA88C291EC979004BA178 /* PBXContainerItemProxy */ = {
			isa = PBXContainerItemProxy;
			containerPortal = 428DA872291EC978004BA178 /* Project object */;
			proxyType = 1;
			remoteGlobalIDString = 428DA879291EC978004BA178;
			remoteInfo = "WVU Mobile";
		};
		428DA896291EC979004BA178 /* PBXContainerItemProxy */ = {
			isa = PBXContainerItemProxy;
			containerPortal = 428DA872291EC978004BA178 /* Project object */;
			proxyType = 1;
			remoteGlobalIDString = 428DA879291EC978004BA178;
			remoteInfo = "WVU Mobile";
		};
		42B0D3012CF3866300EFB124 /* PBXContainerItemProxy */ = {
			isa = PBXContainerItemProxy;
			containerPortal = 428DA872291EC978004BA178 /* Project object */;
			proxyType = 1;
			remoteGlobalIDString = 42B0D2F32CF3866100EFB124;
			remoteInfo = "WVU-Mobile-WidgetExtension";
		};
/* End PBXContainerItemProxy section */

/* Begin PBXCopyFilesBuildPhase section */
		42B0D3082CF3866300EFB124 /* Embed Foundation Extensions */ = {
			isa = PBXCopyFilesBuildPhase;
			buildActionMask = 2147483647;
			dstPath = "";
			dstSubfolderSpec = 13;
			files = (
				42B0D3032CF3866300EFB124 /* WVU-Mobile-WidgetExtension.appex in Embed Foundation Extensions */,
			);
			name = "Embed Foundation Extensions";
			runOnlyForDeploymentPostprocessing = 0;
		};
/* End PBXCopyFilesBuildPhase section */

/* Begin PBXFileReference section */
		428DA87A291EC978004BA178 /* WVU Mobile.app */ = {isa = PBXFileReference; explicitFileType = wrapper.application; includeInIndex = 0; path = "WVU Mobile.app"; sourceTree = BUILT_PRODUCTS_DIR; };
		428DA87D291EC978004BA178 /* WVU_MobileApp.swift */ = {isa = PBXFileReference; lastKnownFileType = sourcecode.swift; path = WVU_MobileApp.swift; sourceTree = "<group>"; };
		428DA881291EC979004BA178 /* Assets.xcassets */ = {isa = PBXFileReference; lastKnownFileType = folder.assetcatalog; path = Assets.xcassets; sourceTree = "<group>"; };
		428DA883291EC979004BA178 /* WVU_Mobile.entitlements */ = {isa = PBXFileReference; lastKnownFileType = text.plist.entitlements; path = WVU_Mobile.entitlements; sourceTree = "<group>"; };
		428DA885291EC979004BA178 /* Preview Assets.xcassets */ = {isa = PBXFileReference; lastKnownFileType = folder.assetcatalog; path = "Preview Assets.xcassets"; sourceTree = "<group>"; };
		428DA88B291EC979004BA178 /* WVU MobileTests.xctest */ = {isa = PBXFileReference; explicitFileType = wrapper.cfbundle; includeInIndex = 0; path = "WVU MobileTests.xctest"; sourceTree = BUILT_PRODUCTS_DIR; };
		428DA88F291EC979004BA178 /* WVU_MobileTests.swift */ = {isa = PBXFileReference; lastKnownFileType = sourcecode.swift; path = WVU_MobileTests.swift; sourceTree = "<group>"; };
		428DA895291EC979004BA178 /* WVU MobileUITests.xctest */ = {isa = PBXFileReference; explicitFileType = wrapper.cfbundle; includeInIndex = 0; path = "WVU MobileUITests.xctest"; sourceTree = BUILT_PRODUCTS_DIR; };
		428DA899291EC979004BA178 /* WVU_MobileUITests.swift */ = {isa = PBXFileReference; lastKnownFileType = sourcecode.swift; path = WVU_MobileUITests.swift; sourceTree = "<group>"; };
		428DA89B291EC979004BA178 /* WVU_MobileUITestsLaunchTests.swift */ = {isa = PBXFileReference; lastKnownFileType = sourcecode.swift; path = WVU_MobileUITestsLaunchTests.swift; sourceTree = "<group>"; };
		4298AD062CEFCB8500B0D1EA /* WidgetKit.framework */ = {isa = PBXFileReference; lastKnownFileType = wrapper.framework; name = WidgetKit.framework; path = System/Library/Frameworks/WidgetKit.framework; sourceTree = SDKROOT; };
		4298AD082CEFCB8500B0D1EA /* SwiftUI.framework */ = {isa = PBXFileReference; lastKnownFileType = wrapper.framework; name = SwiftUI.framework; path = System/Library/Frameworks/SwiftUI.framework; sourceTree = SDKROOT; };
		42B0D2F42CF3866100EFB124 /* WVU-Mobile-WidgetExtension.appex */ = {isa = PBXFileReference; explicitFileType = "wrapper.app-extension"; includeInIndex = 0; path = "WVU-Mobile-WidgetExtension.appex"; sourceTree = BUILT_PRODUCTS_DIR; };
		42C1A63B2D032034005CDF4D /* PRTStatus */ = {isa = PBXFileReference; lastKnownFileType = wrapper; path = PRTStatus; sourceTree = "<group>"; };
/* End PBXFileReference section */

/* Begin PBXFileSystemSynchronizedBuildFileExceptionSet section */
		42B0D3042CF3866300EFB124 /* PBXFileSystemSynchronizedBuildFileExceptionSet */ = {
			isa = PBXFileSystemSynchronizedBuildFileExceptionSet;
			membershipExceptions = (
				Info.plist,
			);
			target = 42B0D2F32CF3866100EFB124 /* WVU-Mobile-WidgetExtension */;
		};
/* End PBXFileSystemSynchronizedBuildFileExceptionSet section */

/* Begin PBXFileSystemSynchronizedRootGroup section */
		42B0D2F72CF3866100EFB124 /* WVU-Mobile-Widget */ = {isa = PBXFileSystemSynchronizedRootGroup; exceptions = (42B0D3042CF3866300EFB124 /* PBXFileSystemSynchronizedBuildFileExceptionSet */, ); explicitFileTypes = {}; explicitFolders = (); path = "WVU-Mobile-Widget"; sourceTree = "<group>"; };
		42B0D3142CFE0F7100EFB124 /* Utilities */ = {isa = PBXFileSystemSynchronizedRootGroup; explicitFileTypes = {}; explicitFolders = (); path = Utilities; sourceTree = "<group>"; };
		42B0D3152CFE0F7E00EFB124 /* Views */ = {isa = PBXFileSystemSynchronizedRootGroup; explicitFileTypes = {}; explicitFolders = (); path = Views; sourceTree = "<group>"; };
		42B0D3162CFE0F8A00EFB124 /* Networking */ = {isa = PBXFileSystemSynchronizedRootGroup; explicitFileTypes = {}; explicitFolders = (); path = Networking; sourceTree = "<group>"; };
/* End PBXFileSystemSynchronizedRootGroup section */

/* Begin PBXFrameworksBuildPhase section */
		428DA877291EC978004BA178 /* Frameworks */ = {
			isa = PBXFrameworksBuildPhase;
			buildActionMask = 2147483647;
			files = (
				42C1A6422D032409005CDF4D /* PRTStatus in Frameworks */,
			);
			runOnlyForDeploymentPostprocessing = 0;
		};
		428DA888291EC979004BA178 /* Frameworks */ = {
			isa = PBXFrameworksBuildPhase;
			buildActionMask = 2147483647;
			files = (
			);
			runOnlyForDeploymentPostprocessing = 0;
		};
		428DA892291EC979004BA178 /* Frameworks */ = {
			isa = PBXFrameworksBuildPhase;
			buildActionMask = 2147483647;
			files = (
			);
			runOnlyForDeploymentPostprocessing = 0;
		};
		42B0D2F12CF3866100EFB124 /* Frameworks */ = {
			isa = PBXFrameworksBuildPhase;
			buildActionMask = 2147483647;
			files = (
				42B0D2F62CF3866100EFB124 /* SwiftUI.framework in Frameworks */,
				42C1A6442D04748D005CDF4D /* PRTStatus in Frameworks */,
				42B0D2F52CF3866100EFB124 /* WidgetKit.framework in Frameworks */,
			);
			runOnlyForDeploymentPostprocessing = 0;
		};
/* End PBXFrameworksBuildPhase section */

/* Begin PBXGroup section */
		428DA871291EC978004BA178 = {
			isa = PBXGroup;
			children = (
				428DA87C291EC978004BA178 /* WVU Mobile */,
				428DA88E291EC979004BA178 /* WVU MobileTests */,
				428DA898291EC979004BA178 /* WVU MobileUITests */,
				42B0D2F72CF3866100EFB124 /* WVU-Mobile-Widget */,
				4298AD052CEFCB8500B0D1EA /* Frameworks */,
				428DA87B291EC978004BA178 /* Products */,
				42C1A63B2D032034005CDF4D /* PRTStatus */,
			);
			sourceTree = "<group>";
		};
		428DA87B291EC978004BA178 /* Products */ = {
			isa = PBXGroup;
			children = (
				428DA87A291EC978004BA178 /* WVU Mobile.app */,
				428DA88B291EC979004BA178 /* WVU MobileTests.xctest */,
				428DA895291EC979004BA178 /* WVU MobileUITests.xctest */,
				42B0D2F42CF3866100EFB124 /* WVU-Mobile-WidgetExtension.appex */,
			);
			name = Products;
			sourceTree = "<group>";
		};
		428DA87C291EC978004BA178 /* WVU Mobile */ = {
			isa = PBXGroup;
			children = (
				428DA87D291EC978004BA178 /* WVU_MobileApp.swift */,
				428DA881291EC979004BA178 /* Assets.xcassets */,
				428DA883291EC979004BA178 /* WVU_Mobile.entitlements */,
				42B0D3162CFE0F8A00EFB124 /* Networking */,
				42B0D3152CFE0F7E00EFB124 /* Views */,
				42B0D3142CFE0F7100EFB124 /* Utilities */,
				428DA884291EC979004BA178 /* Preview Content */,
			);
			path = "WVU Mobile";
			sourceTree = "<group>";
		};
		428DA884291EC979004BA178 /* Preview Content */ = {
			isa = PBXGroup;
			children = (
				428DA885291EC979004BA178 /* Preview Assets.xcassets */,
			);
			path = "Preview Content";
			sourceTree = "<group>";
		};
		428DA88E291EC979004BA178 /* WVU MobileTests */ = {
			isa = PBXGroup;
			children = (
				428DA88F291EC979004BA178 /* WVU_MobileTests.swift */,
			);
			path = "WVU MobileTests";
			sourceTree = "<group>";
		};
		428DA898291EC979004BA178 /* WVU MobileUITests */ = {
			isa = PBXGroup;
			children = (
				428DA899291EC979004BA178 /* WVU_MobileUITests.swift */,
				428DA89B291EC979004BA178 /* WVU_MobileUITestsLaunchTests.swift */,
			);
			path = "WVU MobileUITests";
			sourceTree = "<group>";
		};
		4298AD052CEFCB8500B0D1EA /* Frameworks */ = {
			isa = PBXGroup;
			children = (
				4298AD062CEFCB8500B0D1EA /* WidgetKit.framework */,
				4298AD082CEFCB8500B0D1EA /* SwiftUI.framework */,
			);
			name = Frameworks;
			sourceTree = "<group>";
		};
/* End PBXGroup section */

/* Begin PBXNativeTarget section */
		428DA879291EC978004BA178 /* WVU Mobile */ = {
			isa = PBXNativeTarget;
			buildConfigurationList = 428DA89F291EC979004BA178 /* Build configuration list for PBXNativeTarget "WVU Mobile" */;
			buildPhases = (
				428DA876291EC978004BA178 /* Sources */,
				428DA877291EC978004BA178 /* Frameworks */,
				428DA878291EC978004BA178 /* Resources */,
				42B0D3082CF3866300EFB124 /* Embed Foundation Extensions */,
			);
			buildRules = (
			);
			dependencies = (
				42B0D3022CF3866300EFB124 /* PBXTargetDependency */,
			);
			fileSystemSynchronizedGroups = (
				42B0D3142CFE0F7100EFB124 /* Utilities */,
				42B0D3152CFE0F7E00EFB124 /* Views */,
				42B0D3162CFE0F8A00EFB124 /* Networking */,
			);
			name = "WVU Mobile";
			productName = "WVU Mobile";
			productReference = 428DA87A291EC978004BA178 /* WVU Mobile.app */;
			productType = "com.apple.product-type.application";
		};
		428DA88A291EC979004BA178 /* WVU MobileTests */ = {
			isa = PBXNativeTarget;
			buildConfigurationList = 428DA8A2291EC979004BA178 /* Build configuration list for PBXNativeTarget "WVU MobileTests" */;
			buildPhases = (
				428DA887291EC979004BA178 /* Sources */,
				428DA888291EC979004BA178 /* Frameworks */,
				428DA889291EC979004BA178 /* Resources */,
			);
			buildRules = (
			);
			dependencies = (
				428DA88D291EC979004BA178 /* PBXTargetDependency */,
			);
			name = "WVU MobileTests";
			productName = "WVU MobileTests";
			productReference = 428DA88B291EC979004BA178 /* WVU MobileTests.xctest */;
			productType = "com.apple.product-type.bundle.unit-test";
		};
		428DA894291EC979004BA178 /* WVU MobileUITests */ = {
			isa = PBXNativeTarget;
			buildConfigurationList = 428DA8A5291EC979004BA178 /* Build configuration list for PBXNativeTarget "WVU MobileUITests" */;
			buildPhases = (
				428DA891291EC979004BA178 /* Sources */,
				428DA892291EC979004BA178 /* Frameworks */,
				428DA893291EC979004BA178 /* Resources */,
			);
			buildRules = (
			);
			dependencies = (
				428DA897291EC979004BA178 /* PBXTargetDependency */,
			);
			name = "WVU MobileUITests";
			productName = "WVU MobileUITests";
			productReference = 428DA895291EC979004BA178 /* WVU MobileUITests.xctest */;
			productType = "com.apple.product-type.bundle.ui-testing";
		};
		42B0D2F32CF3866100EFB124 /* WVU-Mobile-WidgetExtension */ = {
			isa = PBXNativeTarget;
			buildConfigurationList = 42B0D3052CF3866300EFB124 /* Build configuration list for PBXNativeTarget "WVU-Mobile-WidgetExtension" */;
			buildPhases = (
				42B0D2F02CF3866100EFB124 /* Sources */,
				42B0D2F12CF3866100EFB124 /* Frameworks */,
				42B0D2F22CF3866100EFB124 /* Resources */,
			);
			buildRules = (
			);
			dependencies = (
			);
			fileSystemSynchronizedGroups = (
				42B0D2F72CF3866100EFB124 /* WVU-Mobile-Widget */,
			);
			name = "WVU-Mobile-WidgetExtension";
			packageProductDependencies = (
				42C1A6432D04748D005CDF4D /* PRTStatus */,
			);
			productName = "WVU-Mobile-WidgetExtension";
			productReference = 42B0D2F42CF3866100EFB124 /* WVU-Mobile-WidgetExtension.appex */;
			productType = "com.apple.product-type.app-extension";
		};
/* End PBXNativeTarget section */

/* Begin PBXProject section */
		428DA872291EC978004BA178 /* Project object */ = {
			isa = PBXProject;
			attributes = {
				BuildIndependentTargetsInParallel = 1;
				LastSwiftUpdateCheck = 1610;
				LastUpgradeCheck = 1610;
				TargetAttributes = {
					428DA879291EC978004BA178 = {
						CreatedOnToolsVersion = 14.1;
					};
					428DA88A291EC979004BA178 = {
						CreatedOnToolsVersion = 14.1;
						TestTargetID = 428DA879291EC978004BA178;
					};
					428DA894291EC979004BA178 = {
						CreatedOnToolsVersion = 14.1;
						TestTargetID = 428DA879291EC978004BA178;
					};
					42B0D2F32CF3866100EFB124 = {
						CreatedOnToolsVersion = 16.1;
					};
				};
			};
			buildConfigurationList = 428DA875291EC978004BA178 /* Build configuration list for PBXProject "WVU Mobile" */;
			compatibilityVersion = "Xcode 14.0";
			developmentRegion = en;
			hasScannedForEncodings = 0;
			knownRegions = (
				en,
				Base,
			);
			mainGroup = 428DA871291EC978004BA178;
			productRefGroup = 428DA87B291EC978004BA178 /* Products */;
			projectDirPath = "";
			projectRoot = "";
			targets = (
				428DA879291EC978004BA178 /* WVU Mobile */,
				428DA88A291EC979004BA178 /* WVU MobileTests */,
				428DA894291EC979004BA178 /* WVU MobileUITests */,
				42B0D2F32CF3866100EFB124 /* WVU-Mobile-WidgetExtension */,
			);
		};
/* End PBXProject section */

/* Begin PBXResourcesBuildPhase section */
		428DA878291EC978004BA178 /* Resources */ = {
			isa = PBXResourcesBuildPhase;
			buildActionMask = 2147483647;
			files = (
				428DA886291EC979004BA178 /* Preview Assets.xcassets in Resources */,
				428DA882291EC979004BA178 /* Assets.xcassets in Resources */,
			);
			runOnlyForDeploymentPostprocessing = 0;
		};
		428DA889291EC979004BA178 /* Resources */ = {
			isa = PBXResourcesBuildPhase;
			buildActionMask = 2147483647;
			files = (
			);
			runOnlyForDeploymentPostprocessing = 0;
		};
		428DA893291EC979004BA178 /* Resources */ = {
			isa = PBXResourcesBuildPhase;
			buildActionMask = 2147483647;
			files = (
			);
			runOnlyForDeploymentPostprocessing = 0;
		};
		42B0D2F22CF3866100EFB124 /* Resources */ = {
			isa = PBXResourcesBuildPhase;
			buildActionMask = 2147483647;
			files = (
			);
			runOnlyForDeploymentPostprocessing = 0;
		};
/* End PBXResourcesBuildPhase section */

/* Begin PBXSourcesBuildPhase section */
		428DA876291EC978004BA178 /* Sources */ = {
			isa = PBXSourcesBuildPhase;
			buildActionMask = 2147483647;
			files = (
				428DA87E291EC978004BA178 /* WVU_MobileApp.swift in Sources */,
			);
			runOnlyForDeploymentPostprocessing = 0;
		};
		428DA887291EC979004BA178 /* Sources */ = {
			isa = PBXSourcesBuildPhase;
			buildActionMask = 2147483647;
			files = (
				428DA890291EC979004BA178 /* WVU_MobileTests.swift in Sources */,
			);
			runOnlyForDeploymentPostprocessing = 0;
		};
		428DA891291EC979004BA178 /* Sources */ = {
			isa = PBXSourcesBuildPhase;
			buildActionMask = 2147483647;
			files = (
				428DA89A291EC979004BA178 /* WVU_MobileUITests.swift in Sources */,
				428DA89C291EC979004BA178 /* WVU_MobileUITestsLaunchTests.swift in Sources */,
			);
			runOnlyForDeploymentPostprocessing = 0;
		};
		42B0D2F02CF3866100EFB124 /* Sources */ = {
			isa = PBXSourcesBuildPhase;
			buildActionMask = 2147483647;
			files = (
			);
			runOnlyForDeploymentPostprocessing = 0;
		};
/* End PBXSourcesBuildPhase section */

/* Begin PBXTargetDependency section */
		428DA88D291EC979004BA178 /* PBXTargetDependency */ = {
			isa = PBXTargetDependency;
			target = 428DA879291EC978004BA178 /* WVU Mobile */;
			targetProxy = 428DA88C291EC979004BA178 /* PBXContainerItemProxy */;
		};
		428DA897291EC979004BA178 /* PBXTargetDependency */ = {
			isa = PBXTargetDependency;
			target = 428DA879291EC978004BA178 /* WVU Mobile */;
			targetProxy = 428DA896291EC979004BA178 /* PBXContainerItemProxy */;
		};
		42B0D3022CF3866300EFB124 /* PBXTargetDependency */ = {
			isa = PBXTargetDependency;
			target = 42B0D2F32CF3866100EFB124 /* WVU-Mobile-WidgetExtension */;
			targetProxy = 42B0D3012CF3866300EFB124 /* PBXContainerItemProxy */;
		};
/* End PBXTargetDependency section */

/* Begin XCBuildConfiguration section */
		428DA89D291EC979004BA178 /* Debug */ = {
			isa = XCBuildConfiguration;
			buildSettings = {
				ALWAYS_SEARCH_USER_PATHS = NO;
				CLANG_ANALYZER_NONNULL = YES;
				CLANG_ANALYZER_NUMBER_OBJECT_CONVERSION = YES_AGGRESSIVE;
				CLANG_CXX_LANGUAGE_STANDARD = "gnu++20";
				CLANG_ENABLE_MODULES = YES;
				CLANG_ENABLE_OBJC_ARC = YES;
				CLANG_ENABLE_OBJC_WEAK = YES;
				CLANG_WARN_BLOCK_CAPTURE_AUTORELEASING = YES;
				CLANG_WARN_BOOL_CONVERSION = YES;
				CLANG_WARN_COMMA = YES;
				CLANG_WARN_CONSTANT_CONVERSION = YES;
				CLANG_WARN_DEPRECATED_OBJC_IMPLEMENTATIONS = YES;
				CLANG_WARN_DIRECT_OBJC_ISA_USAGE = YES_ERROR;
				CLANG_WARN_DOCUMENTATION_COMMENTS = YES;
				CLANG_WARN_EMPTY_BODY = YES;
				CLANG_WARN_ENUM_CONVERSION = YES;
				CLANG_WARN_INFINITE_RECURSION = YES;
				CLANG_WARN_INT_CONVERSION = YES;
				CLANG_WARN_NON_LITERAL_NULL_CONVERSION = YES;
				CLANG_WARN_OBJC_IMPLICIT_RETAIN_SELF = YES;
				CLANG_WARN_OBJC_LITERAL_CONVERSION = YES;
				CLANG_WARN_OBJC_ROOT_CLASS = YES_ERROR;
				CLANG_WARN_QUOTED_INCLUDE_IN_FRAMEWORK_HEADER = YES;
				CLANG_WARN_RANGE_LOOP_ANALYSIS = YES;
				CLANG_WARN_STRICT_PROTOTYPES = YES;
				CLANG_WARN_SUSPICIOUS_MOVE = YES;
				CLANG_WARN_UNGUARDED_AVAILABILITY = YES_AGGRESSIVE;
				CLANG_WARN_UNREACHABLE_CODE = YES;
				CLANG_WARN__DUPLICATE_METHOD_MATCH = YES;
				COPY_PHASE_STRIP = NO;
				DEAD_CODE_STRIPPING = YES;
				DEBUG_INFORMATION_FORMAT = dwarf;
				ENABLE_STRICT_OBJC_MSGSEND = YES;
				ENABLE_TESTABILITY = YES;
				GCC_C_LANGUAGE_STANDARD = gnu11;
				GCC_DYNAMIC_NO_PIC = NO;
				GCC_NO_COMMON_BLOCKS = YES;
				GCC_OPTIMIZATION_LEVEL = 0;
				GCC_PREPROCESSOR_DEFINITIONS = (
					"DEBUG=1",
					"$(inherited)",
				);
				GCC_WARN_64_TO_32_BIT_CONVERSION = YES;
				GCC_WARN_ABOUT_RETURN_TYPE = YES_ERROR;
				GCC_WARN_UNDECLARED_SELECTOR = YES;
				GCC_WARN_UNINITIALIZED_AUTOS = YES_AGGRESSIVE;
				GCC_WARN_UNUSED_FUNCTION = YES;
				GCC_WARN_UNUSED_VARIABLE = YES;
				MTL_ENABLE_DEBUG_INFO = INCLUDE_SOURCE;
				MTL_FAST_MATH = YES;
				ONLY_ACTIVE_ARCH = YES;
				SWIFT_ACTIVE_COMPILATION_CONDITIONS = DEBUG;
				SWIFT_OPTIMIZATION_LEVEL = "-Onone";
			};
			name = Debug;
		};
		428DA89E291EC979004BA178 /* Release */ = {
			isa = XCBuildConfiguration;
			buildSettings = {
				ALWAYS_SEARCH_USER_PATHS = NO;
				CLANG_ANALYZER_NONNULL = YES;
				CLANG_ANALYZER_NUMBER_OBJECT_CONVERSION = YES_AGGRESSIVE;
				CLANG_CXX_LANGUAGE_STANDARD = "gnu++20";
				CLANG_ENABLE_MODULES = YES;
				CLANG_ENABLE_OBJC_ARC = YES;
				CLANG_ENABLE_OBJC_WEAK = YES;
				CLANG_WARN_BLOCK_CAPTURE_AUTORELEASING = YES;
				CLANG_WARN_BOOL_CONVERSION = YES;
				CLANG_WARN_COMMA = YES;
				CLANG_WARN_CONSTANT_CONVERSION = YES;
				CLANG_WARN_DEPRECATED_OBJC_IMPLEMENTATIONS = YES;
				CLANG_WARN_DIRECT_OBJC_ISA_USAGE = YES_ERROR;
				CLANG_WARN_DOCUMENTATION_COMMENTS = YES;
				CLANG_WARN_EMPTY_BODY = YES;
				CLANG_WARN_ENUM_CONVERSION = YES;
				CLANG_WARN_INFINITE_RECURSION = YES;
				CLANG_WARN_INT_CONVERSION = YES;
				CLANG_WARN_NON_LITERAL_NULL_CONVERSION = YES;
				CLANG_WARN_OBJC_IMPLICIT_RETAIN_SELF = YES;
				CLANG_WARN_OBJC_LITERAL_CONVERSION = YES;
				CLANG_WARN_OBJC_ROOT_CLASS = YES_ERROR;
				CLANG_WARN_QUOTED_INCLUDE_IN_FRAMEWORK_HEADER = YES;
				CLANG_WARN_RANGE_LOOP_ANALYSIS = YES;
				CLANG_WARN_STRICT_PROTOTYPES = YES;
				CLANG_WARN_SUSPICIOUS_MOVE = YES;
				CLANG_WARN_UNGUARDED_AVAILABILITY = YES_AGGRESSIVE;
				CLANG_WARN_UNREACHABLE_CODE = YES;
				CLANG_WARN__DUPLICATE_METHOD_MATCH = YES;
				COPY_PHASE_STRIP = NO;
				DEAD_CODE_STRIPPING = YES;
				DEBUG_INFORMATION_FORMAT = "dwarf-with-dsym";
				ENABLE_NS_ASSERTIONS = NO;
				ENABLE_STRICT_OBJC_MSGSEND = YES;
				GCC_C_LANGUAGE_STANDARD = gnu11;
				GCC_NO_COMMON_BLOCKS = YES;
				GCC_WARN_64_TO_32_BIT_CONVERSION = YES;
				GCC_WARN_ABOUT_RETURN_TYPE = YES_ERROR;
				GCC_WARN_UNDECLARED_SELECTOR = YES;
				GCC_WARN_UNINITIALIZED_AUTOS = YES_AGGRESSIVE;
				GCC_WARN_UNUSED_FUNCTION = YES;
				GCC_WARN_UNUSED_VARIABLE = YES;
				MTL_ENABLE_DEBUG_INFO = NO;
				MTL_FAST_MATH = YES;
				SWIFT_COMPILATION_MODE = wholemodule;
				SWIFT_OPTIMIZATION_LEVEL = "-O";
			};
			name = Release;
		};
		428DA8A0291EC979004BA178 /* Debug */ = {
			isa = XCBuildConfiguration;
			buildSettings = {
				ASSETCATALOG_COMPILER_APPICON_NAME = AppIcon;
				ASSETCATALOG_COMPILER_GLOBAL_ACCENT_COLOR_NAME = AccentColor;
				CODE_SIGN_ENTITLEMENTS = "WVU Mobile/WVU_Mobile.entitlements";
				CODE_SIGN_IDENTITY = "Apple Development";
				"CODE_SIGN_IDENTITY[sdk=iphoneos*]" = "iPhone Developer";
				CODE_SIGN_STYLE = Manual;
				CURRENT_PROJECT_VERSION = 1;
				DEAD_CODE_STRIPPING = YES;
				DEVELOPMENT_ASSET_PATHS = "\"WVU Mobile/Preview Content\"";
				DEVELOPMENT_TEAM = "";
				"DEVELOPMENT_TEAM[sdk=iphoneos*]" = 4P5LM6HTJ7;
				ENABLE_HARDENED_RUNTIME = YES;
				ENABLE_PREVIEWS = YES;
				GENERATE_INFOPLIST_FILE = YES;
				"INFOPLIST_KEY_UIApplicationSceneManifest_Generation[sdk=iphoneos*]" = YES;
				"INFOPLIST_KEY_UIApplicationSceneManifest_Generation[sdk=iphonesimulator*]" = YES;
				"INFOPLIST_KEY_UIApplicationSupportsIndirectInputEvents[sdk=iphoneos*]" = YES;
				"INFOPLIST_KEY_UIApplicationSupportsIndirectInputEvents[sdk=iphonesimulator*]" = YES;
				"INFOPLIST_KEY_UILaunchScreen_Generation[sdk=iphoneos*]" = YES;
				"INFOPLIST_KEY_UILaunchScreen_Generation[sdk=iphonesimulator*]" = YES;
				"INFOPLIST_KEY_UIStatusBarStyle[sdk=iphoneos*]" = UIStatusBarStyleDefault;
				"INFOPLIST_KEY_UIStatusBarStyle[sdk=iphonesimulator*]" = UIStatusBarStyleDefault;
				INFOPLIST_KEY_UISupportedInterfaceOrientations_iPad = "UIInterfaceOrientationPortrait UIInterfaceOrientationPortraitUpsideDown UIInterfaceOrientationLandscapeLeft UIInterfaceOrientationLandscapeRight";
				INFOPLIST_KEY_UISupportedInterfaceOrientations_iPhone = "UIInterfaceOrientationPortrait UIInterfaceOrientationLandscapeLeft UIInterfaceOrientationLandscapeRight";
				IPHONEOS_DEPLOYMENT_TARGET = 17.0;
				LD_RUNPATH_SEARCH_PATHS = "@executable_path/Frameworks";
				"LD_RUNPATH_SEARCH_PATHS[sdk=macosx*]" = "@executable_path/../Frameworks";
				MACOSX_DEPLOYMENT_TARGET = 13.0;
				MARKETING_VERSION = 3.0.1;
				PRODUCT_BUNDLE_IDENTIFIER = "com.wvu.WVU-Mobile";
				PRODUCT_NAME = "$(TARGET_NAME)";
				PROVISIONING_PROFILE_SPECIFIER = "";
				"PROVISIONING_PROFILE_SPECIFIER[sdk=iphoneos*]" = "WVU Mobile Dev Profile";
				SDKROOT = auto;
				SUPPORTED_PLATFORMS = "iphoneos iphonesimulator macosx";
				SWIFT_EMIT_LOC_STRINGS = YES;
				SWIFT_VERSION = 5.0;
				TARGETED_DEVICE_FAMILY = "1,2";
			};
			name = Debug;
		};
		428DA8A1291EC979004BA178 /* Release */ = {
			isa = XCBuildConfiguration;
			buildSettings = {
				ASSETCATALOG_COMPILER_APPICON_NAME = AppIcon;
				ASSETCATALOG_COMPILER_GLOBAL_ACCENT_COLOR_NAME = AccentColor;
				CODE_SIGN_ENTITLEMENTS = "WVU Mobile/WVU_Mobile.entitlements";
				CODE_SIGN_IDENTITY = "Apple Development";
				"CODE_SIGN_IDENTITY[sdk=iphoneos*]" = "iPhone Developer";
				CODE_SIGN_STYLE = Manual;
				CURRENT_PROJECT_VERSION = 1;
				DEAD_CODE_STRIPPING = YES;
				DEVELOPMENT_ASSET_PATHS = "\"WVU Mobile/Preview Content\"";
				DEVELOPMENT_TEAM = "";
				"DEVELOPMENT_TEAM[sdk=iphoneos*]" = 4P5LM6HTJ7;
				ENABLE_HARDENED_RUNTIME = YES;
				ENABLE_PREVIEWS = YES;
				GENERATE_INFOPLIST_FILE = YES;
				"INFOPLIST_KEY_UIApplicationSceneManifest_Generation[sdk=iphoneos*]" = YES;
				"INFOPLIST_KEY_UIApplicationSceneManifest_Generation[sdk=iphonesimulator*]" = YES;
				"INFOPLIST_KEY_UIApplicationSupportsIndirectInputEvents[sdk=iphoneos*]" = YES;
				"INFOPLIST_KEY_UIApplicationSupportsIndirectInputEvents[sdk=iphonesimulator*]" = YES;
				"INFOPLIST_KEY_UILaunchScreen_Generation[sdk=iphoneos*]" = YES;
				"INFOPLIST_KEY_UILaunchScreen_Generation[sdk=iphonesimulator*]" = YES;
				"INFOPLIST_KEY_UIStatusBarStyle[sdk=iphoneos*]" = UIStatusBarStyleDefault;
				"INFOPLIST_KEY_UIStatusBarStyle[sdk=iphonesimulator*]" = UIStatusBarStyleDefault;
				INFOPLIST_KEY_UISupportedInterfaceOrientations_iPad = "UIInterfaceOrientationPortrait UIInterfaceOrientationPortraitUpsideDown UIInterfaceOrientationLandscapeLeft UIInterfaceOrientationLandscapeRight";
				INFOPLIST_KEY_UISupportedInterfaceOrientations_iPhone = "UIInterfaceOrientationPortrait UIInterfaceOrientationLandscapeLeft UIInterfaceOrientationLandscapeRight";
				IPHONEOS_DEPLOYMENT_TARGET = 17.0;
				LD_RUNPATH_SEARCH_PATHS = "@executable_path/Frameworks";
				"LD_RUNPATH_SEARCH_PATHS[sdk=macosx*]" = "@executable_path/../Frameworks";
				MACOSX_DEPLOYMENT_TARGET = 13.0;
				MARKETING_VERSION = 3.0.1;
				PRODUCT_BUNDLE_IDENTIFIER = "com.wvu.WVU-Mobile";
				PRODUCT_NAME = "$(TARGET_NAME)";
				PROVISIONING_PROFILE_SPECIFIER = "";
				"PROVISIONING_PROFILE_SPECIFIER[sdk=iphoneos*]" = "WVU Mobile Dev Profile";
				SDKROOT = auto;
				SUPPORTED_PLATFORMS = "iphoneos iphonesimulator macosx";
				SWIFT_EMIT_LOC_STRINGS = YES;
				SWIFT_VERSION = 5.0;
				TARGETED_DEVICE_FAMILY = "1,2";
			};
			name = Release;
		};
		428DA8A3291EC979004BA178 /* Debug */ = {
			isa = XCBuildConfiguration;
			buildSettings = {
				BUNDLE_LOADER = "$(TEST_HOST)";
				CODE_SIGN_STYLE = Automatic;
				CURRENT_PROJECT_VERSION = 1;
				DEAD_CODE_STRIPPING = YES;
				GENERATE_INFOPLIST_FILE = YES;
				IPHONEOS_DEPLOYMENT_TARGET = 16.1;
				MACOSX_DEPLOYMENT_TARGET = 13.0;
				MARKETING_VERSION = 1.0;
				PRODUCT_BUNDLE_IDENTIFIER = "kaitlyn.WVU-MobileTests";
				PRODUCT_NAME = "$(TARGET_NAME)";
				SDKROOT = auto;
				SUPPORTED_PLATFORMS = "iphoneos iphonesimulator macosx";
				SWIFT_EMIT_LOC_STRINGS = NO;
				SWIFT_VERSION = 5.0;
				TARGETED_DEVICE_FAMILY = "1,2";
				TEST_HOST = "$(BUILT_PRODUCTS_DIR)/WVU Mobile.app/$(BUNDLE_EXECUTABLE_FOLDER_PATH)/WVU Mobile";
			};
			name = Debug;
		};
		428DA8A4291EC979004BA178 /* Release */ = {
			isa = XCBuildConfiguration;
			buildSettings = {
				BUNDLE_LOADER = "$(TEST_HOST)";
				CODE_SIGN_STYLE = Automatic;
				CURRENT_PROJECT_VERSION = 1;
				DEAD_CODE_STRIPPING = YES;
				GENERATE_INFOPLIST_FILE = YES;
				IPHONEOS_DEPLOYMENT_TARGET = 16.1;
				MACOSX_DEPLOYMENT_TARGET = 13.0;
				MARKETING_VERSION = 1.0;
				PRODUCT_BUNDLE_IDENTIFIER = "kaitlyn.WVU-MobileTests";
				PRODUCT_NAME = "$(TARGET_NAME)";
				SDKROOT = auto;
				SUPPORTED_PLATFORMS = "iphoneos iphonesimulator macosx";
				SWIFT_EMIT_LOC_STRINGS = NO;
				SWIFT_VERSION = 5.0;
				TARGETED_DEVICE_FAMILY = "1,2";
				TEST_HOST = "$(BUILT_PRODUCTS_DIR)/WVU Mobile.app/$(BUNDLE_EXECUTABLE_FOLDER_PATH)/WVU Mobile";
			};
			name = Release;
		};
		428DA8A6291EC979004BA178 /* Debug */ = {
			isa = XCBuildConfiguration;
			buildSettings = {
				CODE_SIGN_STYLE = Automatic;
				CURRENT_PROJECT_VERSION = 1;
				DEAD_CODE_STRIPPING = YES;
				DEVELOPMENT_TEAM = 4P5LM6HTJ7;
				GENERATE_INFOPLIST_FILE = YES;
				IPHONEOS_DEPLOYMENT_TARGET = 16.1;
				MACOSX_DEPLOYMENT_TARGET = 13.0;
				MARKETING_VERSION = 1.0;
				PRODUCT_BUNDLE_IDENTIFIER = "kaitlyn.WVU-MobileUITests";
				PRODUCT_NAME = "$(TARGET_NAME)";
				SDKROOT = auto;
				SUPPORTED_PLATFORMS = "iphoneos iphonesimulator macosx";
				SWIFT_EMIT_LOC_STRINGS = NO;
				SWIFT_VERSION = 5.0;
				TARGETED_DEVICE_FAMILY = "1,2";
				TEST_TARGET_NAME = "WVU Mobile";
			};
			name = Debug;
		};
		428DA8A7291EC979004BA178 /* Release */ = {
			isa = XCBuildConfiguration;
			buildSettings = {
				CODE_SIGN_STYLE = Automatic;
				CURRENT_PROJECT_VERSION = 1;
				DEAD_CODE_STRIPPING = YES;
				DEVELOPMENT_TEAM = 4P5LM6HTJ7;
				GENERATE_INFOPLIST_FILE = YES;
				IPHONEOS_DEPLOYMENT_TARGET = 16.1;
				MACOSX_DEPLOYMENT_TARGET = 13.0;
				MARKETING_VERSION = 1.0;
				PRODUCT_BUNDLE_IDENTIFIER = "kaitlyn.WVU-MobileUITests";
				PRODUCT_NAME = "$(TARGET_NAME)";
				SDKROOT = auto;
				SUPPORTED_PLATFORMS = "iphoneos iphonesimulator macosx";
				SWIFT_EMIT_LOC_STRINGS = NO;
				SWIFT_VERSION = 5.0;
				TARGETED_DEVICE_FAMILY = "1,2";
				TEST_TARGET_NAME = "WVU Mobile";
			};
			name = Release;
		};
		42B0D3062CF3866300EFB124 /* Debug */ = {
			isa = XCBuildConfiguration;
			buildSettings = {
				ASSETCATALOG_COMPILER_GENERATE_SWIFT_ASSET_SYMBOL_EXTENSIONS = YES;
				ASSETCATALOG_COMPILER_GLOBAL_ACCENT_COLOR_NAME = AccentColor;
				ASSETCATALOG_COMPILER_WIDGET_BACKGROUND_COLOR_NAME = WidgetBackground;
				CODE_SIGN_IDENTITY = "Apple Development";
				"CODE_SIGN_IDENTITY[sdk=iphoneos*]" = "iPhone Developer";
				CODE_SIGN_STYLE = Manual;
				CURRENT_PROJECT_VERSION = 1;
				DEVELOPMENT_TEAM = "";
				"DEVELOPMENT_TEAM[sdk=iphoneos*]" = 4P5LM6HTJ7;
				ENABLE_USER_SCRIPT_SANDBOXING = YES;
				GCC_C_LANGUAGE_STANDARD = gnu17;
				GENERATE_INFOPLIST_FILE = YES;
				INFOPLIST_FILE = "WVU-Mobile-Widget/Info.plist";
				INFOPLIST_KEY_CFBundleDisplayName = "WVU-Mobile-Widget";
				INFOPLIST_KEY_NSHumanReadableCopyright = "";
				IPHONEOS_DEPLOYMENT_TARGET = 18.1;
				LD_RUNPATH_SEARCH_PATHS = (
					"$(inherited)",
					"@executable_path/Frameworks",
					"@executable_path/../../Frameworks",
				);
				LOCALIZATION_PREFERS_STRING_CATALOGS = YES;
				MARKETING_VERSION = 3.0;
				PRODUCT_BUNDLE_IDENTIFIER = "com.wvu.WVU-Mobile.WVU-Mobile-Widget";
				PRODUCT_NAME = "$(TARGET_NAME)";
				PROVISIONING_PROFILE_SPECIFIER = "";
				"PROVISIONING_PROFILE_SPECIFIER[sdk=iphoneos*]" = "Widget Dev Profile 2";
				SDKROOT = iphoneos;
				SKIP_INSTALL = YES;
				SWIFT_ACTIVE_COMPILATION_CONDITIONS = "DEBUG $(inherited)";
				SWIFT_EMIT_LOC_STRINGS = YES;
				SWIFT_VERSION = 5.0;
				TARGETED_DEVICE_FAMILY = "1,2";
			};
			name = Debug;
		};
		42B0D3072CF3866300EFB124 /* Release */ = {
			isa = XCBuildConfiguration;
			buildSettings = {
				ASSETCATALOG_COMPILER_GENERATE_SWIFT_ASSET_SYMBOL_EXTENSIONS = YES;
				ASSETCATALOG_COMPILER_GLOBAL_ACCENT_COLOR_NAME = AccentColor;
				ASSETCATALOG_COMPILER_WIDGET_BACKGROUND_COLOR_NAME = WidgetBackground;
				CODE_SIGN_IDENTITY = "Apple Development";
				"CODE_SIGN_IDENTITY[sdk=iphoneos*]" = "iPhone Developer";
				CODE_SIGN_STYLE = Manual;
				CURRENT_PROJECT_VERSION = 1;
				DEVELOPMENT_TEAM = "";
				"DEVELOPMENT_TEAM[sdk=iphoneos*]" = 4P5LM6HTJ7;
				ENABLE_USER_SCRIPT_SANDBOXING = YES;
				GCC_C_LANGUAGE_STANDARD = gnu17;
				GENERATE_INFOPLIST_FILE = YES;
				INFOPLIST_FILE = "WVU-Mobile-Widget/Info.plist";
				INFOPLIST_KEY_CFBundleDisplayName = "WVU-Mobile-Widget";
				INFOPLIST_KEY_NSHumanReadableCopyright = "";
				IPHONEOS_DEPLOYMENT_TARGET = 18.1;
				LD_RUNPATH_SEARCH_PATHS = (
					"$(inherited)",
					"@executable_path/Frameworks",
					"@executable_path/../../Frameworks",
				);
				LOCALIZATION_PREFERS_STRING_CATALOGS = YES;
				MARKETING_VERSION = 3.0;
				PRODUCT_BUNDLE_IDENTIFIER = "com.wvu.WVU-Mobile.WVU-Mobile-Widget";
				PRODUCT_NAME = "$(TARGET_NAME)";
				PROVISIONING_PROFILE_SPECIFIER = "";
				"PROVISIONING_PROFILE_SPECIFIER[sdk=iphoneos*]" = "Widget Dev Profile 2";
				SDKROOT = iphoneos;
				SKIP_INSTALL = YES;
				SWIFT_EMIT_LOC_STRINGS = YES;
				SWIFT_VERSION = 5.0;
				TARGETED_DEVICE_FAMILY = "1,2";
				VALIDATE_PRODUCT = YES;
			};
			name = Release;
		};
/* End XCBuildConfiguration section */

/* Begin XCConfigurationList section */
		428DA875291EC978004BA178 /* Build configuration list for PBXProject "WVU Mobile" */ = {
			isa = XCConfigurationList;
			buildConfigurations = (
				428DA89D291EC979004BA178 /* Debug */,
				428DA89E291EC979004BA178 /* Release */,
			);
			defaultConfigurationIsVisible = 0;
			defaultConfigurationName = Release;
		};
		428DA89F291EC979004BA178 /* Build configuration list for PBXNativeTarget "WVU Mobile" */ = {
			isa = XCConfigurationList;
			buildConfigurations = (
				428DA8A0291EC979004BA178 /* Debug */,
				428DA8A1291EC979004BA178 /* Release */,
			);
			defaultConfigurationIsVisible = 0;
			defaultConfigurationName = Release;
		};
		428DA8A2291EC979004BA178 /* Build configuration list for PBXNativeTarget "WVU MobileTests" */ = {
			isa = XCConfigurationList;
			buildConfigurations = (
				428DA8A3291EC979004BA178 /* Debug */,
				428DA8A4291EC979004BA178 /* Release */,
			);
			defaultConfigurationIsVisible = 0;
			defaultConfigurationName = Release;
		};
		428DA8A5291EC979004BA178 /* Build configuration list for PBXNativeTarget "WVU MobileUITests" */ = {
			isa = XCConfigurationList;
			buildConfigurations = (
				428DA8A6291EC979004BA178 /* Debug */,
				428DA8A7291EC979004BA178 /* Release */,
			);
			defaultConfigurationIsVisible = 0;
			defaultConfigurationName = Release;
		};
		42B0D3052CF3866300EFB124 /* Build configuration list for PBXNativeTarget "WVU-Mobile-WidgetExtension" */ = {
			isa = XCConfigurationList;
			buildConfigurations = (
				42B0D3062CF3866300EFB124 /* Debug */,
				42B0D3072CF3866300EFB124 /* Release */,
			);
			defaultConfigurationIsVisible = 0;
			defaultConfigurationName = Release;
		};
/* End XCConfigurationList section */

/* Begin XCSwiftPackageProductDependency section */
		42C1A6412D032409005CDF4D /* PRTStatus */ = {
			isa = XCSwiftPackageProductDependency;
			productName = PRTStatus;
		};
		42C1A6432D04748D005CDF4D /* PRTStatus */ = {
			isa = XCSwiftPackageProductDependency;
			productName = PRTStatus;
		};
/* End XCSwiftPackageProductDependency section */
	};
	rootObject = 428DA872291EC978004BA178 /* Project object */;
}
